PODS:
  - Alamofire (5.0.0-beta.6)
  - Kingfisher (5.4.0)
  - Realm (3.14.2):
    - Realm/Headers (= 3.14.2)
  - Realm/Headers (3.14.2)
  - RealmSwift (3.14.2):
    - Realm (= 3.14.2)
  - RxCocoa (5.0.0):
    - RxRelay (~> 5)
    - RxSwift (~> 5)
  - RxRelay (5.0.0):
    - RxSwift (~> 5)
  - RxSwift (5.0.0)
  - SwiftyJSON (4.3.0)

DEPENDENCIES:
  - Alamofire (~> 5.0.0-beta.5)
  - Kingfisher (~> 5.0)
  - RealmSwift
  - RxCocoa (~> 5)
  - RxSwift (~> 5)
  - SwiftyJSON (~> 4.0)

SPEC REPOS:
  https://github.com/cocoapods/specs.git:
    - Alamofire
    - Kingfisher
    - Realm
    - RealmSwift
    - RxCocoa
    - RxRelay
    - RxSwift
    - SwiftyJSON

SPEC CHECKSUMS:
  Alamofire: cd08a4402bd12cacd0c66f23fb12fec8d6b965e4
  Kingfisher: 9c8f2cc6710334e06f32ba2b45e77707d5e2f0c9
  Realm: 179c6706e3a49dbfe112e572fd3c03d3169bea35
  RealmSwift: 1797f272fb51c555b764fada32e82159a2c65247
  RxCocoa: fcf32050ac00d801f34a7f71d5e8e7f23026dcd8
  RxRelay: 4f7409406a51a55cd88483f21ed898c234d60f18
  RxSwift: 8b0671caa829a763bbce7271095859121cbd895f
  SwiftyJSON: 6faa0040f8b59dead0ee07436cbf76b73c08fd08

PODFILE CHECKSUM: 828b54b9227e23d106ac440141b63eed68a4306d

COCOAPODS: 1.6.1
